
Microsoft Visual Studio Solution File, Format Version 12.00
# Visual Studio Version 17
VisualStudioVersion = 17.14.36401.2
MinimumVisualStudioVersion = 10.0.40219.1
Project("{FAE04EC0-301F-11D3-BF4B-00C04F79EFBC}") = "PersonalDevelopment", "PersonalDevelopment\PersonalDevelopment.csproj", "{8C9E058F-D668-4FB0-BD65-6E8628B3EFF6}"
EndProject
Project("{FAE04EC0-301F-11D3-BF4B-00C04F79EFBC}") = "PersonalDevelopmentTests", "PersonalDevelopmentTests\PersonalDevelopmentTests.csproj", "{464452FD-4004-4594-8D31-FFDE05080BA3}"
EndProject
Global
	GlobalSection(SolutionConfigurationPlatforms) = preSolution
		Debug|Any CPU = Debug|Any CPU
		Release|Any CPU = Release|Any CPU
	EndGlobalSection
	GlobalSection(ProjectConfigurationPlatforms) = postSolution
		{8C9E058F-D668-4FB0-BD65-6E8628B3EFF6}.Debug|Any CPU.ActiveCfg = Debug|Any CPU
		{8C9E058F-D668-4FB0-BD65-6E8628B3EFF6}.Debug|Any CPU.Build.0 = Debug|Any CPU
		{8C9E058F-D668-4FB0-BD65-6E8628B3EFF6}.Release|Any CPU.ActiveCfg = Release|Any CPU
		{8C9E058F-D668-4FB0-BD65-6E8628B3EFF6}.Release|Any CPU.Build.0 = Release|Any CPU
		{464452FD-4004-4594-8D31-FFDE05080BA3}.Debug|Any CPU.ActiveCfg = Debug|Any CPU
		{464452FD-4004-4594-8D31-FFDE05080BA3}.Debug|Any CPU.Build.0 = Debug|Any CPU
		{464452FD-4004-4594-8D31-FFDE05080BA3}.Release|Any CPU.ActiveCfg = Release|Any CPU
		{464452FD-4004-4594-8D31-FFDE05080BA3}.Release|Any CPU.Build.0 = Release|Any CPU
	EndGlobalSection
	GlobalSection(SolutionProperties) = preSolution
		HideSolutionNode = FALSE
	EndGlobalSection
	GlobalSection(ExtensibilityGlobals) = postSolution
		SolutionGuid = {B22AAF2E-1090-436E-B3E0-DE1A80DF7A46}
	EndGlobalSection
EndGlobal
